// !$*UTF8*$!
{
	archiveVersion = 1;
	classes = {
	};
	objectVersion = 50;
	objects = {

/* Begin PBXBuildFile section */
		CA59459F22435AF300CA9F2B /* ViewControllerComposite.swift in Sources */ = {isa = PBXBuildFile; fileRef = CA59459E22435AF300CA9F2B /* ViewControllerComposite.swift */; };
		CA5945A1224365BD00CA9F2B /* MenuComponent.swift in Sources */ = {isa = PBXBuildFile; fileRef = CA5945A0224365BD00CA9F2B /* MenuComponent.swift */; };
		CACD137D2238D034008E16CB /* AppDelegate.swift in Sources */ = {isa = PBXBuildFile; fileRef = CACD137C2238D034008E16CB /* AppDelegate.swift */; };
		CACD137F2238D034008E16CB /* ViewController.swift in Sources */ = {isa = PBXBuildFile; fileRef = CACD137E2238D034008E16CB /* ViewController.swift */; };
		CACD13822238D034008E16CB /* Main.storyboard in Resources */ = {isa = PBXBuildFile; fileRef = CACD13802238D034008E16CB /* Main.storyboard */; };
		CACD13842238D036008E16CB /* Assets.xcassets in Resources */ = {isa = PBXBuildFile; fileRef = CACD13832238D036008E16CB /* Assets.xcassets */; };
		CACD13872238D036008E16CB /* LaunchScreen.storyboard in Resources */ = {isa = PBXBuildFile; fileRef = CACD13852238D036008E16CB /* LaunchScreen.storyboard */; };
		CACD138F2238D76A008E16CB /* MenuItem.swift in Sources */ = {isa = PBXBuildFile; fileRef = CACD138E2238D76A008E16CB /* MenuItem.swift */; };
/* End PBXBuildFile section */

/* Begin PBXFileReference section */
		CA59459E22435AF300CA9F2B /* ViewControllerComposite.swift */ = {isa = PBXFileReference; lastKnownFileType = sourcecode.swift; path = ViewControllerComposite.swift; sourceTree = "<group>"; };
		CA5945A0224365BD00CA9F2B /* MenuComponent.swift */ = {isa = PBXFileReference; lastKnownFileType = sourcecode.swift; path = MenuComponent.swift; sourceTree = "<group>"; };
		CACD13792238D034008E16CB /* SichuanFood.app */ = {isa = PBXFileReference; explicitFileType = wrapper.application; includeInIndex = 0; path = SichuanFood.app; sourceTree = BUILT_PRODUCTS_DIR; };
		CACD137C2238D034008E16CB /* AppDelegate.swift */ = {isa = PBXFileReference; lastKnownFileType = sourcecode.swift; path = AppDelegate.swift; sourceTree = "<group>"; };
		CACD137E2238D034008E16CB /* ViewController.swift */ = {isa = PBXFileReference; lastKnownFileType = sourcecode.swift; path = ViewController.swift; sourceTree = "<group>"; };
		CACD13812238D034008E16CB /* Base */ = {isa = PBXFileReference; lastKnownFileType = file.storyboard; name = Base; path = Base.lproj/Main.storyboard; sourceTree = "<group>"; };
		CACD13832238D036008E16CB /* Assets.xcassets */ = {isa = PBXFileReference; lastKnownFileType = folder.assetcatalog; path = Assets.xcassets; sourceTree = "<group>"; };
		CACD13862238D036008E16CB /* Base */ = {isa = PBXFileReference; lastKnownFileType = file.storyboard; name = Base; path = Base.lproj/LaunchScreen.storyboard; sourceTree = "<group>"; };
		CACD13882238D036008E16CB /* Info.plist */ = {isa = PBXFileReference; lastKnownFileType = text.plist.xml; path = Info.plist; sourceTree = "<group>"; };
		CACD138E2238D76A008E16CB /* MenuItem.swift */ = {isa = PBXFileReference; lastKnownFileType = sourcecode.swift; path = MenuItem.swift; sourceTree = "<group>"; };
/* End PBXFileReference section */

/* Begin PBXFrameworksBuildPhase section */
		CACD13762238D034008E16CB /* Frameworks */ = {
			isa = PBXFrameworksBuildPhase;
			buildActionMask = 2147483647;
			files = (
			);
			runOnlyForDeploymentPostprocessing = 0;
		};
/* End PBXFrameworksBuildPhase section */

/* Begin PBXGroup section */
		CACD13702238D034008E16CB = {
			isa = PBXGroup;
			children = (
				CACD137B2238D034008E16CB /* SichuanFood */,
				CACD137A2238D034008E16CB /* Products */,
			);
			sourceTree = "<group>";
		};
		CACD137A2238D034008E16CB /* Products */ = {
			isa = PBXGroup;
			children = (
				CACD13792238D034008E16CB /* SichuanFood.app */,
			);
			name = Products;
			sourceTree = "<group>";
		};
		CACD137B2238D034008E16CB /* SichuanFood */ = {
			isa = PBXGroup;
			children = (
				CACD137C2238D034008E16CB /* AppDelegate.swift */,
				CACD137E2238D034008E16CB /* ViewController.swift */,
				CA59459E22435AF300CA9F2B /* ViewControllerComposite.swift */,
				CACD138E2238D76A008E16CB /* MenuItem.swift */,
				CA5945A0224365BD00CA9F2B /* MenuComponent.swift */,
				CACD13802238D034008E16CB /* Main.storyboard */,
				CACD13832238D036008E16CB /* Assets.xcassets */,
				CACD13852238D036008E16CB /* LaunchScreen.storyboard */,
				CACD13882238D036008E16CB /* Info.plist */,
			);
			path = SichuanFood;
			sourceTree = "<group>";
		};
/* End PBXGroup section */

/* Begin PBXNativeTarget section */
		CACD13782238D034008E16CB /* SichuanFood */ = {
			isa = PBXNativeTarget;
			buildConfigurationList = CACD138B2238D036008E16CB /* Build configuration list for PBXNativeTarget "SichuanFood" */;
			buildPhases = (
				CACD13752238D034008E16CB /* Sources */,
				CACD13762238D034008E16CB /* Frameworks */,
				CACD13772238D034008E16CB /* Resources */,
			);
			buildRules = (
			);
			dependencies = (
			);
			name = SichuanFood;
			productName = SichuanFood;
			productReference = CACD13792238D034008E16CB /* SichuanFood.app */;
			productType = "com.apple.product-type.application";
		};
/* End PBXNativeTarget section */

/* Begin PBXProject section */
		CACD13712238D034008E16CB /* Project object */ = {
			isa = PBXProject;
			attributes = {
				LastSwiftUpdateCheck = 1010;
				LastUpgradeCheck = 1010;
				ORGANIZATIONNAME = Xishi;
				TargetAttributes = {
					CACD13782238D034008E16CB = {
						CreatedOnToolsVersion = 10.1;
					};
				};
			};
			buildConfigurationList = CACD13742238D034008E16CB /* Build configuration list for PBXProject "SichuanFood" */;
			compatibilityVersion = "Xcode 9.3";
			developmentRegion = en;
			hasScannedForEncodings = 0;
			knownRegions = (
				en,
				Base,
			);
			mainGroup = CACD13702238D034008E16CB;
			productRefGroup = CACD137A2238D034008E16CB /* Products */;
			projectDirPath = "";
			projectRoot = "";
			targets = (
				CACD13782238D034008E16CB /* SichuanFood */,
			);
		};
/* End PBXProject section */

/* Begin PBXResourcesBuildPhase section */
		CACD13772238D034008E16CB /* Resources */ = {
			isa = PBXResourcesBuildPhase;
			buildActionMask = 2147483647;
			files = (
				CACD13872238D036008E16CB /* LaunchScreen.storyboard in Resources */,
				CACD13842238D036008E16CB /* Assets.xcassets in Resources */,
				CACD13822238D034008E16CB /* Main.storyboard in Resources */,
			);
			runOnlyForDeploymentPostprocessing = 0;
		};
/* End PBXResourcesBuildPhase section */

/* Begin PBXSourcesBuildPhase section */
		CACD13752238D034008E16CB /* Sources */ = {
			isa = PBXSourcesBuildPhase;
			buildActionMask = 2147483647;
			files = (
				CACD138F2238D76A008E16CB /* MenuItem.swift in Sources */,
				CA5945A1224365BD00CA9F2B /* MenuComponent.swift in Sources */,
				CACD137F2238D034008E16CB /* ViewController.swift in Sources */,
				CA59459F22435AF300CA9F2B /* ViewControllerComposite.swift in Sources */,
				CACD137D2238D034008E16CB /* AppDelegate.swift in Sources */,
			);
			runOnlyForDeploymentPostprocessing = 0;
		};
/* End PBXSourcesBuildPhase section */

/* Begin PBXVariantGroup section */
		CACD13802238D034008E16CB /* Main.storyboard */ = {
			isa = PBXVariantGroup;
			children = (
				CACD13812238D034008E16CB /* Base */,
			);
			name = Main.storyboard;
			sourceTree = "<group>";
		};
		CACD13852238D036008E16CB /* LaunchScreen.storyboard */ = {
			isa = PBXVariantGroup;
			children = (
				CACD13862238D036008E16CB /* Base */,
			);
			name = LaunchScreen.storyboard;
			sourceTree = "<group>";
		};
/* End PBXVariantGroup section */

/* Begin XCBuildConfiguration section */
		CACD13892238D036008E16CB /* Debug */ = {
			isa = XCBuildConfiguration;
			buildSettings = {
				ALWAYS_SEARCH_USER_PATHS = NO;
				CLANG_ANALYZER_NONNULL = YES;
				CLANG_ANALYZER_NUMBER_OBJECT_CONVERSION = YES_AGGRESSIVE;
				CLANG_CXX_LANGUAGE_STANDARD = "gnu++14";
				CLANG_CXX_LIBRARY = "libc++";
				CLANG_ENABLE_MODULES = YES;
				CLANG_ENABLE_OBJC_ARC = YES;
				CLANG_ENABLE_OBJC_WEAK = YES;
				CLANG_WARN_BLOCK_CAPTURE_AUTORELEASING = YES;
				CLANG_WARN_BOOL_CONVERSION = YES;
				CLANG_WARN_COMMA = YES;
				CLANG_WARN_CONSTANT_CONVERSION = YES;
				CLANG_WARN_DEPRECATED_OBJC_IMPLEMENTATIONS = YES;
				CLANG_WARN_DIRECT_OBJC_ISA_USAGE = YES_ERROR;
				CLANG_WARN_DOCUMENTATION_COMMENTS = YES;
				CLANG_WARN_EMPTY_BODY = YES;
				CLANG_WARN_ENUM_CONVERSION = YES;
				CLANG_WARN_INFINITE_RECURSION = YES;
				CLANG_WARN_INT_CONVERSION = YES;
				CLANG_WARN_NON_LITERAL_NULL_CONVERSION = YES;
				CLANG_WARN_OBJC_IMPLICIT_RETAIN_SELF = YES;
				CLANG_WARN_OBJC_LITERAL_CONVERSION = YES;
				CLANG_WARN_OBJC_ROOT_CLASS = YES_ERROR;
				CLANG_WARN_RANGE_LOOP_ANALYSIS = YES;
				CLANG_WARN_STRICT_PROTOTYPES = YES;
				CLANG_WARN_SUSPICIOUS_MOVE = YES;
				CLANG_WARN_UNGUARDED_AVAILABILITY = YES_AGGRESSIVE;
				CLANG_WARN_UNREACHABLE_CODE = YES;
				CLANG_WARN__DUPLICATE_METHOD_MATCH = YES;
				CODE_SIGN_IDENTITY = "iPhone Developer";
				COPY_PHASE_STRIP = NO;
				DEBUG_INFORMATION_FORMAT = dwarf;
				ENABLE_STRICT_OBJC_MSGSEND = YES;
				ENABLE_TESTABILITY = YES;
				GCC_C_LANGUAGE_STANDARD = gnu11;
				GCC_DYNAMIC_NO_PIC = NO;
				GCC_NO_COMMON_BLOCKS = YES;
				GCC_OPTIMIZATION_LEVEL = 0;
				GCC_PREPROCESSOR_DEFINITIONS = (
					"DEBUG=1",
					"$(inherited)",
				);
				GCC_WARN_64_TO_32_BIT_CONVERSION = YES;
				GCC_WARN_ABOUT_RETURN_TYPE = YES_ERROR;
				GCC_WARN_UNDECLARED_SELECTOR = YES;
				GCC_WARN_UNINITIALIZED_AUTOS = YES_AGGRESSIVE;
				GCC_WARN_UNUSED_FUNCTION = YES;
				GCC_WARN_UNUSED_VARIABLE = YES;
				IPHONEOS_DEPLOYMENT_TARGET = 12.1;
				MTL_ENABLE_DEBUG_INFO = INCLUDE_SOURCE;
				MTL_FAST_MATH = YES;
				ONLY_ACTIVE_ARCH = YES;
				SDKROOT = iphoneos;
				SWIFT_ACTIVE_COMPILATION_CONDITIONS = DEBUG;
				SWIFT_OPTIMIZATION_LEVEL = "-Onone";
			};
			name = Debug;
		};
		CACD138A2238D036008E16CB /* Release */ = {
			isa = XCBuildConfiguration;
			buildSettings = {
				ALWAYS_SEARCH_USER_PATHS = NO;
				CLANG_ANALYZER_NONNULL = YES;
				CLANG_ANALYZER_NUMBER_OBJECT_CONVERSION = YES_AGGRESSIVE;
				CLANG_CXX_LANGUAGE_STANDARD = "gnu++14";
				CLANG_CXX_LIBRARY = "libc++";
				CLANG_ENABLE_MODULES = YES;
				CLANG_ENABLE_OBJC_ARC = YES;
				CLANG_ENABLE_OBJC_WEAK = YES;
				CLANG_WARN_BLOCK_CAPTURE_AUTORELEASING = YES;
				CLANG_WARN_BOOL_CONVERSION = YES;
				CLANG_WARN_COMMA = YES;
				CLANG_WARN_CONSTANT_CONVERSION = YES;
				CLANG_WARN_DEPRECATED_OBJC_IMPLEMENTATIONS = YES;
				CLANG_WARN_DIRECT_OBJC_ISA_USAGE = YES_ERROR;
				CLANG_WARN_DOCUMENTATION_COMMENTS = YES;
				CLANG_WARN_EMPTY_BODY = YES;
				CLANG_WARN_ENUM_CONVERSION = YES;
				CLANG_WARN_INFINITE_RECURSION = YES;
				CLANG_WARN_INT_CONVERSION = YES;
				CLANG_WARN_NON_LITERAL_NULL_CONVERSION = YES;
				CLANG_WARN_OBJC_IMPLICIT_RETAIN_SELF = YES;
				CLANG_WARN_OBJC_LITERAL_CONVERSION = YES;
				CLANG_WARN_OBJC_ROOT_CLASS = YES_ERROR;
				CLANG_WARN_RANGE_LOOP_ANALYSIS = YES;
				CLANG_WARN_STRICT_PROTOTYPES = YES;
				CLANG_WARN_SUSPICIOUS_MOVE = YES;
				CLANG_WARN_UNGUARDED_AVAILABILITY = YES_AGGRESSIVE;
				CLANG_WARN_UNREACHABLE_CODE = YES;
				CLANG_WARN__DUPLICATE_METHOD_MATCH = YES;
				CODE_SIGN_IDENTITY = "iPhone Developer";
				COPY_PHASE_STRIP = NO;
				DEBUG_INFORMATION_FORMAT = "dwarf-with-dsym";
				ENABLE_NS_ASSERTIONS = NO;
				ENABLE_STRICT_OBJC_MSGSEND = YES;
				GCC_C_LANGUAGE_STANDARD = gnu11;
				GCC_NO_COMMON_BLOCKS = YES;
				GCC_WARN_64_TO_32_BIT_CONVERSION = YES;
				GCC_WARN_ABOUT_RETURN_TYPE = YES_ERROR;
				GCC_WARN_UNDECLARED_SELECTOR = YES;
				GCC_WARN_UNINITIALIZED_AUTOS = YES_AGGRESSIVE;
				GCC_WARN_UNUSED_FUNCTION = YES;
				GCC_WARN_UNUSED_VARIABLE = YES;
				IPHONEOS_DEPLOYMENT_TARGET = 12.1;
				MTL_ENABLE_DEBUG_INFO = NO;
				MTL_FAST_MATH = YES;
				SDKROOT = iphoneos;
				SWIFT_COMPILATION_MODE = wholemodule;
				SWIFT_OPTIMIZATION_LEVEL = "-O";
				VALIDATE_PRODUCT = YES;
			};
			name = Release;
		};
		CACD138C2238D036008E16CB /* Debug */ = {
			isa = XCBuildConfiguration;
			buildSettings = {
				ASSETCATALOG_COMPILER_APPICON_NAME = AppIcon;
				CODE_SIGN_STYLE = Automatic;
				INFOPLIST_FILE = SichuanFood/Info.plist;
				LD_RUNPATH_SEARCH_PATHS = (
					"$(inherited)",
					"@executable_path/Frameworks",
				);
				PRODUCT_BUNDLE_IDENTIFIER = Xishi.SichuanFood;
				PRODUCT_NAME = "$(TARGET_NAME)";
				SWIFT_VERSION = 4.2;
				TARGETED_DEVICE_FAMILY = "1,2";
			};
			name = Debug;
		};
		CACD138D2238D036008E16CB /* Release */ = {
			isa = XCBuildConfiguration;
			buildSettings = {
				ASSETCATALOG_COMPILER_APPICON_NAME = AppIcon;
				CODE_SIGN_STYLE = Automatic;
				INFOPLIST_FILE = SichuanFood/Info.plist;
				LD_RUNPATH_SEARCH_PATHS = (
					"$(inherited)",
					"@executable_path/Frameworks",
				);
				PRODUCT_BUNDLE_IDENTIFIER = Xishi.SichuanFood;
				PRODUCT_NAME = "$(TARGET_NAME)";
				SWIFT_VERSION = 4.2;
				TARGETED_DEVICE_FAMILY = "1,2";
			};
			name = Release;
		};
/* End XCBuildConfiguration section */

/* Begin XCConfigurationList section */
		CACD13742238D034008E16CB /* Build configuration list for PBXProject "SichuanFood" */ = {
			isa = XCConfigurationList;
			buildConfigurations = (
				CACD13892238D036008E16CB /* Debug */,
				CACD138A2238D036008E16CB /* Release */,
			);
			defaultConfigurationIsVisible = 0;
			defaultConfigurationName = Release;
		};
		CACD138B2238D036008E16CB /* Build configuration list for PBXNativeTarget "SichuanFood" */ = {
			isa = XCConfigurationList;
			buildConfigurations = (
				CACD138C2238D036008E16CB /* Debug */,
				CACD138D2238D036008E16CB /* Release */,
			);
			defaultConfigurationIsVisible = 0;
			defaultConfigurationName = Release;
		};
/* End XCConfigurationList section */
	};
	rootObject = CACD13712238D034008E16CB /* Project object */;
}
